# Run ./gradlew --write-locks to regenerate this file
ch.qos.logback:logback-access:1.2.3 (1 constraints: b41148e2)
ch.qos.logback:logback-classic:1.2.3 (2 constraints: 8c1d4e13)
ch.qos.logback:logback-core:1.2.3 (3 constraints: 1a28577f)
com.fasterxml:classmate:1.3.1 (1 constraints: a40e4f58)
com.fasterxml.jackson.core:jackson-annotations:2.14.1 (7 constraints: f9794aa1)
com.fasterxml.jackson.core:jackson-core:2.14.1 (10 constraints: dbc7f523)
com.fasterxml.jackson.core:jackson-databind:2.14.1 (9 constraints: bab514a9)
com.fasterxml.jackson.dataformat:jackson-dataformat-yaml:2.14.1 (2 constraints: 7e167a04)
com.fasterxml.jackson.datatype:jackson-datatype-guava:2.14.1 (1 constraints: b60e755e)
com.fasterxml.jackson.datatype:jackson-datatype-jdk8:2.14.1 (1 constraints: b60e755e)
com.fasterxml.jackson.datatype:jackson-datatype-joda:2.14.1 (1 constraints: b60e755e)
com.fasterxml.jackson.datatype:jackson-datatype-jsr310:2.14.1 (1 constraints: b60e755e)
com.fasterxml.jackson.jaxrs:jackson-jaxrs-base:2.14.1 (1 constraints: 7717663d)
com.fasterxml.jackson.jaxrs:jackson-jaxrs-json-provider:2.14.1 (1 constraints: 5f0e824e)
com.fasterxml.jackson.module:jackson-module-afterburner:2.14.1 (1 constraints: b60e755e)
com.fasterxml.jackson.module:jackson-module-jaxb-annotations:2.14.1 (1 constraints: 7717663d)
com.fasterxml.jackson.module:jackson-module-parameter-names:2.14.1 (1 constraints: b60e755e)
com.google.code.findbugs:jsr305:3.0.2 (3 constraints: 701c32e5)
com.google.errorprone:error_prone_annotations:2.11.0 (3 constraints: 8120e256)
com.google.guava:failureaccess:1.0.1 (1 constraints: 140ae1b4)
com.google.guava:guava:31.1-jre (5 constraints: 574bbca5)
com.google.guava:listenablefuture:9999.0-empty-to-avoid-conflict-with-guava (1 constraints: bd17c918)
com.google.j2objc:j2objc-annotations:1.3 (1 constraints: b809eda0)
com.helger:profiler:1.1.1 (1 constraints: e21053b8)
com.palantir.safe-logging:preconditions:3.2.0 (1 constraints: 07050036)
com.palantir.safe-logging:safe-logging:3.2.0 (2 constraints: 071657e7)
io.dropwizard:dropwizard-configuration:1.3.29 (2 constraints: 7b12f725)
io.dropwizard:dropwizard-core:1.3.29 (2 constraints: d0133268)
io.dropwizard:dropwizard-jackson:1.3.29 (6 constraints: 9f4f8b2b)
io.dropwizard:dropwizard-jersey:1.3.29 (2 constraints: 7b12f725)
io.dropwizard:dropwizard-jetty:1.3.29 (2 constraints: 651f7ec2)
io.dropwizard:dropwizard-lifecycle:1.3.29 (2 constraints: 3f1cd3c1)
io.dropwizard:dropwizard-logging:1.3.29 (4 constraints: c53bbb5c)
io.dropwizard:dropwizard-metrics:1.3.29 (1 constraints: 790daa2c)
io.dropwizard:dropwizard-request-logging:1.3.29 (1 constraints: 790daa2c)
io.dropwizard:dropwizard-servlets:1.3.29 (1 constraints: 790daa2c)
io.dropwizard:dropwizard-util:1.3.29 (5 constraints: f14aafd5)
io.dropwizard:dropwizard-validation:1.3.29 (6 constraints: dd4f2f64)
io.dropwizard.metrics:metrics-annotation:4.1.16 (2 constraints: ab1f76f2)
io.dropwizard.metrics:metrics-core:4.1.16 (11 constraints: 83a9f700)
io.dropwizard.metrics:metrics-healthchecks:4.1.16 (2 constraints: 901e497c)
io.dropwizard.metrics:metrics-jersey2:4.1.16 (1 constraints: 5f0e744e)
io.dropwizard.metrics:metrics-jetty9:4.1.16 (1 constraints: fd0d303e)
io.dropwizard.metrics:metrics-jmx:4.1.16 (1 constraints: 760daf2c)
io.dropwizard.metrics:metrics-json:4.1.16 (1 constraints: 1b117dc9)
io.dropwizard.metrics:metrics-jvm:4.1.16 (2 constraints: 901e497c)
io.dropwizard.metrics:metrics-logback:4.1.16 (1 constraints: b40e925e)
io.dropwizard.metrics:metrics-servlets:4.1.16 (1 constraints: 760daf2c)
javax.activation:javax.activation-api:1.2.0 (2 constraints: 7223878b)
javax.annotation:javax.annotation-api:1.2 (2 constraints: 2d21193d)
javax.inject:javax.inject:1 (2 constraints: d614a0ab)
javax.servlet:javax.servlet-api:3.1.0 (1 constraints: 830dcc28)
javax.validation:validation-api:1.1.0.Final (3 constraints: dc393f20)
javax.ws.rs:javax.ws.rs-api:2.0.1 (8 constraints: ed9109e8)
javax.xml.bind:jaxb-api:2.3.1 (2 constraints: 592759d6)
joda-time:joda-time:2.10.9 (2 constraints: b8238780)
net.sourceforge.argparse4j:argparse4j:0.8.1 (1 constraints: 430d3a1f)
org.apache.commons:commons-lang3:3.11 (3 constraints: 712c254a)
org.apache.commons:commons-text:1.9 (1 constraints: b5102f9b)
org.checkerframework:checker-qual:3.12.0 (1 constraints: 480a3bbf)
org.eclipse.jetty:jetty-continuation:9.4.35.v20201120 (2 constraints: 6421a041)
org.eclipse.jetty:jetty-http:9.4.35.v20201120 (3 constraints: f130624d)
org.eclipse.jetty:jetty-io:9.4.35.v20201120 (3 constraints: d82ffbaa)
org.eclipse.jetty:jetty-security:9.4.35.v20201120 (1 constraints: 5e102ae2)
org.eclipse.jetty:jetty-server:9.4.35.v20201120 (4 constraints: 46435c4b)
org.eclipse.jetty:jetty-servlet:9.4.35.v20201120 (2 constraints: 092048cc)
org.eclipse.jetty:jetty-servlets:9.4.35.v20201120 (1 constraints: 321072d7)
org.eclipse.jetty:jetty-util:9.4.35.v20201120 (6 constraints: 915eb6b6)
org.eclipse.jetty:jetty-util-ajax:9.4.35.v20201120 (1 constraints: 5e102ae2)
org.eclipse.jetty:jetty-webapp:9.4.35.v20201120 (1 constraints: 94108aeb)
org.eclipse.jetty:jetty-xml:9.4.35.v20201120 (1 constraints: d80f08cb)
org.eclipse.jetty.toolchain.setuid:jetty-setuid-java:1.0.4 (1 constraints: 3f0d2a1f)
org.glassfish:javax.el:3.0.0 (1 constraints: bf0f5484)
org.glassfish.hk2:hk2-api:2.5.0-b32 (5 constraints: 985605c5)
org.glassfish.hk2:hk2-locator:2.5.0-b32 (4 constraints: 3949d563)
org.glassfish.hk2:hk2-utils:2.5.0-b32 (2 constraints: 0519152b)
org.glassfish.hk2:osgi-resource-locator:1.0.1 (2 constraints: 79234465)
org.glassfish.hk2.external:aopalliance-repackaged:2.5.0-b32 (2 constraints: 0519152b)
org.glassfish.hk2.external:javax.inject:2.5.0-b32 (7 constraints: 3e86b56f)
org.glassfish.jersey.bundles.repackaged:jersey-guava:2.25.1 (1 constraints: 251120d4)
org.glassfish.jersey.containers:jersey-container-servlet:2.25.1 (1 constraints: 5d0e764e)
org.glassfish.jersey.containers:jersey-container-servlet-core:2.25.1 (2 constraints: 5c320e27)
org.glassfish.jersey.core:jersey-client:2.25.1 (2 constraints: dc34f938)
org.glassfish.jersey.core:jersey-common:2.25.1 (7 constraints: 0a90843b)
org.glassfish.jersey.core:jersey-server:2.25.1 (6 constraints: 859288bb)
org.glassfish.jersey.ext:jersey-bean-validation:2.25.1 (1 constraints: 5d0e764e)
org.glassfish.jersey.ext:jersey-metainf-services:2.25.1 (1 constraints: 5d0e764e)
org.glassfish.jersey.media:jersey-media-jaxb:2.25.1 (1 constraints: 3311f9d4)
org.hibernate:hibernate-validator:5.4.3.Final (2 constraints: f827fc21)
org.immutables:value:2.9.3 (1 constraints: 10051336)
org.javassist:javassist:3.27.0-GA (2 constraints: fb1d1fc2)
org.jboss.logging:jboss-logging:3.3.0.Final (1 constraints: bd10c4b6)
org.jetbrains:annotations:23.0.0 (1 constraints: 31115ed1)
org.slf4j:jcl-over-slf4j:1.7.36 (1 constraints: b30e965e)
org.slf4j:jul-to-slf4j:1.7.36 (1 constraints: b30e965e)
org.slf4j:log4j-over-slf4j:1.7.36 (1 constraints: b30e965e)
org.slf4j:slf4j-api:1.7.36 (10 constraints: 708c7a54)
org.yaml:snakeyaml:1.33 (1 constraints: 6f17f827)

[Test dependencies]
io.dropwizard:dropwizard-testing:1.3.29 (1 constraints: 0305f035)
junit:junit:4.13.1 (3 constraints: ed4b45b4)
net.bytebuddy:byte-buddy:1.12.22 (2 constraints: ee168c66)
net.bytebuddy:byte-buddy-agent:1.12.22 (1 constraints: 720bace9)
net.jqwik:jqwik:1.7.2 (1 constraints: 0c050736)
net.jqwik:jqwik-api:1.7.2 (5 constraints: 662959b5)
net.jqwik:jqwik-engine:1.7.2 (1 constraints: 9d07f96c)
net.jqwik:jqwik-time:1.7.2 (1 constraints: 9d07f96c)
net.jqwik:jqwik-web:1.7.2 (1 constraints: 9d07f96c)
org.apiguardian:apiguardian-api:1.1.2 (10 constraints: 4f819858)
org.assertj:assertj-core:3.24.2 (2 constraints: 08141f77)
org.glassfish.jersey.test-framework:jersey-test-framework-core:2.25.1 (1 constraints: aa230902)
org.glassfish.jersey.test-framework.providers:jersey-test-framework-provider-inmemory:2.25.1 (1 constraints: c90ee65f)
org.hamcrest:hamcrest-core:1.3 (1 constraints: cc05fe3f)
org.junit.jupiter:junit-jupiter:5.9.2 (1 constraints: 12052136)
org.junit.jupiter:junit-jupiter-api:5.9.2 (5 constraints: 5443e2b5)
org.junit.jupiter:junit-jupiter-engine:5.9.2 (1 constraints: 0d0ee23b)
org.junit.jupiter:junit-jupiter-params:5.9.2 (2 constraints: 1e13ba3c)
org.junit.platform:junit-platform-commons:1.9.2 (4 constraints: 23341ab0)
org.junit.platform:junit-platform-engine:1.9.2 (2 constraints: ec1a8b4e)
org.mockito:mockito-core:5.1.1 (2 constraints: ca13ee64)
org.mockito:mockito-junit-jupiter:5.1.1 (1 constraints: 09050836)
org.objenesis:objenesis:3.3 (3 constraints: 8f1d121c)
org.opentest4j:opentest4j:1.2.0 (6 constraints: 72469adf)
