# Run ./gradlew writeVersionsLocks to regenerate this file. Blank lines are to minimize merge conflicts.

com.fasterxml.jackson.core:jackson-annotations:2.21 (2 constraints: ff166824)

com.fasterxml.jackson.core:jackson-core:2.21.4 (3 constraints: 912f42e9)

com.fasterxml.jackson.core:jackson-databind:2.21.4 (2 constraints: 091d9feb)

com.fasterxml.jackson.dataformat:jackson-dataformat-yaml:2.21.4 (1 constraints: 3b053a3b)

com.google.code.findbugs:jsr305:3.0.2 (1 constraints: 0705fc35)

com.google.errorprone:error_prone_annotations:2.47.0 (3 constraints: 5e203438)

com.google.guava:failureaccess:1.0.3 (1 constraints: 160ae3b4)

com.google.guava:guava:33.6.0-jre (1 constraints: ac068753)

com.google.guava:listenablefuture:9999.0-empty-to-avoid-conflict-with-guava (1 constraints: bd17c918)

com.google.j2objc:j2objc-annotations:3.1 (1 constraints: b809f1a0)

com.palantir.safe-logging:preconditions:3.16.0 (1 constraints: 3c05473b)

com.palantir.safe-logging:safe-logging:3.16.0 (2 constraints: 7116190d)

org.immutables:value:2.12.2 (1 constraints: 3905373b)

org.jetbrains:annotations:26.1.0 (1 constraints: 351170d1)

org.jspecify:jspecify:1.0.0 (7 constraints: 5370d26f)

org.yaml:snakeyaml:2.5 (1 constraints: 3f178e10)



[Test dependencies]

net.bytebuddy:byte-buddy:1.18.3 (2 constraints: 9c16b43e)

net.bytebuddy:byte-buddy-agent:1.17.7 (1 constraints: 4a0b4ede)

org.apiguardian:apiguardian-api:1.1.2 (6 constraints: 5366ce6e)

org.assertj:assertj-core:3.27.7 (1 constraints: 4505553b)

org.junit.jupiter:junit-jupiter:6.1.1 (1 constraints: 49070d70)

org.junit.jupiter:junit-jupiter-api:6.1.1 (5 constraints: 614309eb)

org.junit.jupiter:junit-jupiter-engine:6.1.1 (1 constraints: 050ece3b)

org.junit.jupiter:junit-jupiter-params:6.1.1 (2 constraints: 0e13523b)

org.junit.platform:junit-platform-commons:6.1.1 (2 constraints: d7207e4a)

org.junit.platform:junit-platform-engine:6.1.1 (2 constraints: ef221508)

org.junit.platform:junit-platform-launcher:6.1.1 (1 constraints: 09050c36)

org.mockito:mockito-core:5.23.0 (2 constraints: 3014cc86)

org.mockito:mockito-junit-jupiter:5.23.0 (1 constraints: 3c054e3b)

org.objenesis:objenesis:3.5 (2 constraints: 5d0ffd79)

org.opentest4j:opentest4j:1.3.0 (2 constraints: cf209249)

org.quicktheories:quicktheories:0.26 (1 constraints: dc04f530)
