# Run ./gradlew writeVersionsLocks to regenerate this file. Blank lines are to minimize merge conflicts.

com.fasterxml.jackson.core:jackson-annotations:2.20 (2 constraints: fd163324)

com.fasterxml.jackson.core:jackson-core:2.20.0 (3 constraints: 822f90e5)

com.fasterxml.jackson.core:jackson-databind:2.20.0 (2 constraints: ff1c47ea)

com.fasterxml.jackson.dataformat:jackson-dataformat-yaml:2.20.0 (1 constraints: 3605333b)

com.google.code.findbugs:jsr305:3.0.2 (1 constraints: 0705fc35)

com.google.errorprone:error_prone_annotations:2.41.0 (3 constraints: 8b209857)

com.google.guava:failureaccess:1.0.3 (1 constraints: 160ae3b4)

com.google.guava:guava:33.5.0-jre (1 constraints: ab068053)

com.google.guava:listenablefuture:9999.0-empty-to-avoid-conflict-with-guava (1 constraints: bd17c918)

com.google.j2objc:j2objc-annotations:3.1 (1 constraints: b809f1a0)

com.palantir.safe-logging:preconditions:3.9.0 (1 constraints: 0e051536)

com.palantir.safe-logging:safe-logging:3.9.0 (2 constraints: 1516d1e8)

org.immutables:value:2.11.6 (1 constraints: 3c05383b)

org.jetbrains:annotations:26.0.2 (1 constraints: 36116fd1)

org.jspecify:jspecify:1.0.0 (7 constraints: 5370d26f)

org.yaml:snakeyaml:2.4 (1 constraints: 3e178d10)



[Test dependencies]

net.bytebuddy:byte-buddy:1.17.7 (2 constraints: 9f161b3f)

net.bytebuddy:byte-buddy-agent:1.17.7 (1 constraints: 4a0b4ede)

net.jqwik:jqwik:1.9.3 (1 constraints: 0f050e36)

net.jqwik:jqwik-api:1.9.3 (5 constraints: 7529d3b8)

net.jqwik:jqwik-engine:1.9.3 (1 constraints: a007006d)

net.jqwik:jqwik-time:1.9.3 (1 constraints: a007006d)

net.jqwik:jqwik-web:1.9.3 (1 constraints: a007006d)

org.apiguardian:apiguardian-api:1.1.2 (11 constraints: 9293fa1e)

org.assertj:assertj-core:3.27.6 (1 constraints: 4405543b)

org.junit.jupiter:junit-jupiter:6.0.0 (1 constraints: 47070770)

org.junit.jupiter:junit-jupiter-api:6.0.0 (5 constraints: 59437be7)

org.junit.jupiter:junit-jupiter-engine:6.0.0 (1 constraints: 030eca3b)

org.junit.jupiter:junit-jupiter-params:6.0.0 (2 constraints: 0a13fa3a)

org.junit.platform:junit-platform-commons:6.0.0 (4 constraints: 6d3408f0)

org.junit.platform:junit-platform-engine:6.0.0 (3 constraints: 562da8c7)

org.junit.platform:junit-platform-launcher:6.0.0 (1 constraints: 08050936)

org.mockito:mockito-core:5.20.0 (2 constraints: 2a143986)

org.mockito:mockito-junit-jupiter:5.20.0 (1 constraints: 3905453b)

org.objenesis:objenesis:3.4 (2 constraints: 5c0fdd79)

org.opentest4j:opentest4j:1.3.0 (6 constraints: 7846fee1)
