# Danger! Multiple jars contain identically named classes. This may cause different behaviour depending on classpath ordering.
# Run ./gradlew checkClassUniqueness --write-locks to update this file

## runtimeClasspath
[jakarta.servlet:jakarta.servlet-api, org.eclipse.jetty.toolchain:jetty-jakarta-servlet-api]
  - jakarta.servlet.AsyncContext
  - jakarta.servlet.AsyncEvent
  - jakarta.servlet.AsyncListener
  - jakarta.servlet.DispatcherType
  - jakarta.servlet.Filter
  - jakarta.servlet.FilterChain
  - jakarta.servlet.FilterConfig
  - jakarta.servlet.FilterRegistration
  - jakarta.servlet.FilterRegistration$Dynamic
  - jakarta.servlet.GenericFilter
  - jakarta.servlet.GenericServlet
  - jakarta.servlet.HttpConstraintElement
  - jakarta.servlet.HttpMethodConstraintElement
  - jakarta.servlet.MultipartConfigElement
  - jakarta.servlet.ReadListener
  - jakarta.servlet.Registration
  - jakarta.servlet.Registration$Dynamic
  - jakarta.servlet.RequestDispatcher
  - jakarta.servlet.Servlet
  - jakarta.servlet.ServletConfig
  - jakarta.servlet.ServletContainerInitializer
  - jakarta.servlet.ServletContext
  - jakarta.servlet.ServletContextAttributeEvent
  - jakarta.servlet.ServletContextAttributeListener
  - jakarta.servlet.ServletContextEvent
  - jakarta.servlet.ServletContextListener
  - jakarta.servlet.ServletException
  - jakarta.servlet.ServletInputStream
  - jakarta.servlet.ServletOutputStream
  - jakarta.servlet.ServletRegistration
  - jakarta.servlet.ServletRegistration$Dynamic
  - jakarta.servlet.ServletRequest
  - jakarta.servlet.ServletRequestAttributeEvent
  - jakarta.servlet.ServletRequestAttributeListener
  - jakarta.servlet.ServletRequestEvent
  - jakarta.servlet.ServletRequestListener
  - jakarta.servlet.ServletRequestWrapper
  - jakarta.servlet.ServletResponse
  - jakarta.servlet.ServletResponseWrapper
  - jakarta.servlet.ServletSecurityElement
  - jakarta.servlet.SessionCookieConfig
  - jakarta.servlet.SessionTrackingMode
  - jakarta.servlet.SingleThreadModel
  - jakarta.servlet.UnavailableException
  - jakarta.servlet.WriteListener
  - jakarta.servlet.annotation.HandlesTypes
  - jakarta.servlet.annotation.HttpConstraint
  - jakarta.servlet.annotation.HttpMethodConstraint
  - jakarta.servlet.annotation.MultipartConfig
  - jakarta.servlet.annotation.ServletSecurity
  - jakarta.servlet.annotation.ServletSecurity$EmptyRoleSemantic
  - jakarta.servlet.annotation.ServletSecurity$TransportGuarantee
  - jakarta.servlet.annotation.WebFilter
  - jakarta.servlet.annotation.WebInitParam
  - jakarta.servlet.annotation.WebListener
  - jakarta.servlet.annotation.WebServlet
  - jakarta.servlet.descriptor.JspConfigDescriptor
  - jakarta.servlet.descriptor.JspPropertyGroupDescriptor
  - jakarta.servlet.descriptor.TaglibDescriptor
  - jakarta.servlet.http.Cookie
  - jakarta.servlet.http.HttpFilter
  - jakarta.servlet.http.HttpServlet
  - jakarta.servlet.http.HttpServletMapping
  - jakarta.servlet.http.HttpServletRequest
  - jakarta.servlet.http.HttpServletRequest$1
  - jakarta.servlet.http.HttpServletRequestWrapper
  - jakarta.servlet.http.HttpServletResponse
  - jakarta.servlet.http.HttpServletResponseWrapper
  - jakarta.servlet.http.HttpSession
  - jakarta.servlet.http.HttpSessionActivationListener
  - jakarta.servlet.http.HttpSessionAttributeListener
  - jakarta.servlet.http.HttpSessionBindingEvent
  - jakarta.servlet.http.HttpSessionBindingListener
  - jakarta.servlet.http.HttpSessionContext
  - jakarta.servlet.http.HttpSessionEvent
  - jakarta.servlet.http.HttpSessionIdListener
  - jakarta.servlet.http.HttpSessionListener
  - jakarta.servlet.http.HttpUpgradeHandler
  - jakarta.servlet.http.HttpUtils
  - jakarta.servlet.http.MappingMatch
  - jakarta.servlet.http.NoBodyOutputStream
  - jakarta.servlet.http.NoBodyResponse
  - jakarta.servlet.http.Part
  - jakarta.servlet.http.PushBuilder
  - jakarta.servlet.http.WebConnection
