# Danger! Multiple jars contain identically named classes. This may cause different behaviour depending on classpath ordering.
# Run ./gradlew checkClassUniqueness --write-locks to update this file

## runtimeClasspath
[jakarta.xml.bind:jakarta.xml.bind-api, javax.xml.bind:jaxb-api]
  - META-INF.versions.9.javax.xml.bind.ModuleUtil
  - javax.xml.bind.Binder
  - javax.xml.bind.ContextFinder
  - javax.xml.bind.ContextFinder$1
  - javax.xml.bind.ContextFinder$2
  - javax.xml.bind.ContextFinder$3
  - javax.xml.bind.ContextFinder$4
  - javax.xml.bind.ContextFinder$5
  - javax.xml.bind.DataBindingException
  - javax.xml.bind.DatatypeConverter
  - javax.xml.bind.DatatypeConverterImpl
  - javax.xml.bind.DatatypeConverterImpl$CalendarFormatter
  - javax.xml.bind.GetPropertyAction
  - javax.xml.bind.JAXB
  - javax.xml.bind.JAXB$Cache
  - javax.xml.bind.JAXBContext
  - javax.xml.bind.JAXBContext$1
  - javax.xml.bind.JAXBElement
  - javax.xml.bind.JAXBElement$GlobalScope
  - javax.xml.bind.JAXBException
  - javax.xml.bind.JAXBIntrospector
  - javax.xml.bind.JAXBPermission
  - javax.xml.bind.MarshalException
  - javax.xml.bind.Marshaller$Listener
  - javax.xml.bind.Messages
  - javax.xml.bind.ModuleUtil
  - javax.xml.bind.PropertyException
  - javax.xml.bind.SchemaOutputResolver
  - javax.xml.bind.ServiceLoaderUtil
  - javax.xml.bind.ServiceLoaderUtil$ExceptionHandler
  - javax.xml.bind.TypeConstraintException
  - javax.xml.bind.UnmarshalException
  - javax.xml.bind.Unmarshaller$Listener
  - javax.xml.bind.ValidationException
  - javax.xml.bind.WhiteSpaceProcessor
  - javax.xml.bind.annotation.W3CDomHandler
  - javax.xml.bind.annotation.XmlAccessOrder
  - javax.xml.bind.annotation.XmlAccessType
  - javax.xml.bind.annotation.XmlElement$DEFAULT
  - javax.xml.bind.annotation.XmlElementDecl$GLOBAL
  - javax.xml.bind.annotation.XmlElementRef$DEFAULT
  - javax.xml.bind.annotation.XmlNsForm
  - javax.xml.bind.annotation.XmlSchemaType$DEFAULT
  - javax.xml.bind.annotation.XmlType$DEFAULT
  - javax.xml.bind.annotation.adapters.CollapsedStringAdapter
  - javax.xml.bind.annotation.adapters.HexBinaryAdapter
  - javax.xml.bind.annotation.adapters.NormalizedStringAdapter
  - javax.xml.bind.annotation.adapters.XmlAdapter
  - javax.xml.bind.annotation.adapters.XmlJavaTypeAdapter$DEFAULT
  - javax.xml.bind.attachment.AttachmentMarshaller
  - javax.xml.bind.attachment.AttachmentUnmarshaller
  - javax.xml.bind.helpers.AbstractMarshallerImpl
  - javax.xml.bind.helpers.AbstractUnmarshallerImpl
  - javax.xml.bind.helpers.DefaultValidationEventHandler
  - javax.xml.bind.helpers.Messages
  - javax.xml.bind.helpers.NotIdentifiableEventImpl
  - javax.xml.bind.helpers.ParseConversionEventImpl
  - javax.xml.bind.helpers.PrintConversionEventImpl
  - javax.xml.bind.helpers.ValidationEventImpl
  - javax.xml.bind.helpers.ValidationEventLocatorImpl
  - javax.xml.bind.util.JAXBResult
  - javax.xml.bind.util.JAXBSource
  - javax.xml.bind.util.JAXBSource$1
  - javax.xml.bind.util.Messages
  - javax.xml.bind.util.ValidationEventCollector
[javax.inject:javax.inject, org.glassfish.hk2.external:javax.inject]
  - javax.inject.Inject
  - javax.inject.Named
  - javax.inject.Provider
  - javax.inject.Qualifier
  - javax.inject.Scope
  - javax.inject.Singleton
